{
  "nodes": {
    "emacs-overlay": {
      "inputs": {
        "flake-utils": "flake-utils",
        "nixpkgs": "nixpkgs"
      },
      "locked": {
        "lastModified": 1667937848,
        "narHash": "sha256-c8TlhsDfqM2Zk6EzRaR2V30AOMdLTH84en9+wetDj1I=",
        "owner": "nix-community",
        "repo": "emacs-overlay",
        "rev": "cff0588fd51f95b9f87b95540ea35640b14cd133",
        "type": "github"
      },
      "original": {
        "owner": "nix-community",
        "repo": "emacs-overlay",
        "type": "github"
      }
    },
    "flake-utils": {
      "locked": {
        "lastModified": 1667395993,
        "narHash": "sha256-nuEHfE/LcWyuSWnS8t12N1wc105Qtau+/OdUAjtQ0rA=",
        "owner": "numtide",
        "repo": "flake-utils",
        "rev": "5aed5285a952e0b949eb3ba02c12fa4fcfef535f",
        "type": "github"
      },
      "original": {
        "owner": "numtide",
        "repo": "flake-utils",
        "type": "github"
      }
    },
    "flake-utils_2": {
      "locked": {
        "lastModified": 1667077288,
        "narHash": "sha256-bdC8sFNDpT0HK74u9fUkpbf1MEzVYJ+ka7NXCdgBoaA=",
        "owner": "numtide",
        "repo": "flake-utils",
        "rev": "6ee9ebb6b1ee695d2cacc4faa053a7b9baa76817",
        "type": "github"
      },
      "original": {
        "owner": "numtide",
        "repo": "flake-utils",
        "type": "github"
      }
    },
    "home-manager": {
      "inputs": {
        "nixpkgs": [
          "nixpkgs"
        ],
        "utils": "utils"
      },
      "locked": {
        "lastModified": 1667898954,
        "narHash": "sha256-VqHVeoxcOl9M6yQ+LV3yTWMb0h5Rl5yixn9PCY/MJJo=",
        "owner": "nix-community",
        "repo": "home-manager",
        "rev": "d20e3d070c78271356a2d5d73c01f1de94586087",
        "type": "github"
      },
      "original": {
        "owner": "nix-community",
        "repo": "home-manager",
        "type": "github"
      }
    },
    "hyprland": {
      "inputs": {
        "nixpkgs": [
          "nixpkgs"
        ],
        "wlroots": "wlroots"
      },
      "locked": {
        "lastModified": 1667939321,
        "narHash": "sha256-gxNIDG1Edosd4MVQAmE/et/45UiLfzcbditwOGCGXQY=",
        "owner": "hyprwm",
        "repo": "Hyprland",
        "rev": "1cf829c889ea50476ac0b45d9031e6c1a7da0f55",
        "type": "github"
      },
      "original": {
        "owner": "hyprwm",
        "repo": "Hyprland",
        "type": "github"
      }
    },
    "nixpkgs": {
      "locked": {
        "lastModified": 1667909632,
        "narHash": "sha256-p9ZTU29fRA0KNQVGIFTA06IcVeoCqYNRvegRdxGZd8k=",
        "owner": "NixOS",
        "repo": "nixpkgs",
        "rev": "bc5ad970780580ec272b3a6bc5f9bddf4e250d3c",
        "type": "github"
      },
      "original": {
        "id": "nixpkgs",
        "type": "indirect"
      }
    },
    "nixpkgs_2": {
      "locked": {
        "lastModified": 1667909632,
        "narHash": "sha256-p9ZTU29fRA0KNQVGIFTA06IcVeoCqYNRvegRdxGZd8k=",
        "owner": "NixOS",
        "repo": "nixpkgs",
        "rev": "bc5ad970780580ec272b3a6bc5f9bddf4e250d3c",
        "type": "github"
      },
      "original": {
        "owner": "NixOS",
        "ref": "nixpkgs-unstable",
        "repo": "nixpkgs",
        "type": "github"
      }
    },
    "nixpkgs_3": {
      "locked": {
        "lastModified": 1667050928,
        "narHash": "sha256-xOn0ZgjImIyeecEsrjxuvlW7IW5genTwvvnDQRFncB8=",
        "owner": "NixOS",
        "repo": "nixpkgs",
        "rev": "fdebb81f45a1ba2c4afca5fd9f526e1653ad0949",
        "type": "github"
      },
      "original": {
        "owner": "NixOS",
        "ref": "nixos-unstable",
        "repo": "nixpkgs",
        "type": "github"
      }
    },
    "nur": {
      "locked": {
        "lastModified": 1667931999,
        "narHash": "sha256-I8/+s+c0DSaX1U2qGx7jPYM3YiQIFzQygRQnsxO35oI=",
        "owner": "nix-community",
        "repo": "NUR",
        "rev": "aa1948a9de4600e5c6d362cf98bc2592aa7bae53",
        "type": "github"
      },
      "original": {
        "owner": "nix-community",
        "repo": "NUR",
        "type": "github"
      }
    },
    "root": {
      "inputs": {
        "emacs-overlay": "emacs-overlay",
        "home-manager": "home-manager",
        "hyprland": "hyprland",
        "nixpkgs": "nixpkgs_2",
        "nur": "nur",
        "swww-fork": "swww-fork"
      }
    },
    "swww-fork": {
      "inputs": {
        "flake-utils": "flake-utils_2",
        "nixpkgs": "nixpkgs_3"
      },
      "locked": {
        "lastModified": 1667259234,
        "narHash": "sha256-0aOaw/w4y2rcYTDTOl5vL6rKHjAyjPMHJOACWKMfN+w=",
        "owner": "SomeGuyNamedMy",
        "repo": "swww",
        "rev": "6aadcb480c1196aa6c789e4f4a60da79043776a1",
        "type": "github"
      },
      "original": {
        "owner": "SomeGuyNamedMy",
        "repo": "swww",
        "type": "github"
      }
    },
    "utils": {
      "locked": {
        "lastModified": 1667395993,
        "narHash": "sha256-nuEHfE/LcWyuSWnS8t12N1wc105Qtau+/OdUAjtQ0rA=",
        "owner": "numtide",
        "repo": "flake-utils",
        "rev": "5aed5285a952e0b949eb3ba02c12fa4fcfef535f",
        "type": "github"
      },
      "original": {
        "owner": "numtide",
        "repo": "flake-utils",
        "type": "github"
      }
    },
    "wlroots": {
      "flake": false,
      "locked": {
        "host": "gitlab.freedesktop.org",
        "lastModified": 1666466001,
        "narHash": "sha256-ZjxAnqtcGmHQHKL1Z9sIraDnzIqrJleWcJXfPtzAm74=",
        "owner": "wlroots",
        "repo": "wlroots",
        "rev": "c2d2773df57750081b16d56da13b5015d752cbd7",
        "type": "gitlab"
      },
      "original": {
        "host": "gitlab.freedesktop.org",
        "owner": "wlroots",
        "repo": "wlroots",
        "type": "gitlab"
      }
    }
  },
  "root": "root",
  "version": 7
}
